
Microsoft Visual Studio Solution File, Format Version 12.00
# Visual Studio Version 17
VisualStudioVersion = 17.6.33723.286
MinimumVisualStudioVersion = 10.0.40219.1
Project("{FAE04EC0-301F-11D3-BF4B-00C04F79EFBC}") = "QuizAPI", "QuizAPI\QuizAPI.csproj", "{4CF8C789-8DA9-4A14-BDD5-8616817CEBEE}"
EndProject
Global
	GlobalSection(SolutionConfigurationPlatforms) = preSolution
		Debug|Any CPU = Debug|Any CPU
		Release|Any CPU = Release|Any CPU
	EndGlobalSection
	GlobalSection(ProjectConfigurationPlatforms) = postSolution
		{4CF8C789-8DA9-4A14-BDD5-8616817CEBEE}.Debug|Any CPU.ActiveCfg = Debug|Any CPU
		{4CF8C789-8DA9-4A14-BDD5-8616817CEBEE}.Debug|Any CPU.Build.0 = Debug|Any CPU
		{4CF8C789-8DA9-4A14-BDD5-8616817CEBEE}.Release|Any CPU.ActiveCfg = Release|Any CPU
		{4CF8C789-8DA9-4A14-BDD5-8616817CEBEE}.Release|Any CPU.Build.0 = Release|Any CPU
	EndGlobalSection
	GlobalSection(SolutionProperties) = preSolution
		HideSolutionNode = FALSE
	EndGlobalSection
	GlobalSection(ExtensibilityGlobals) = postSolution
		SolutionGuid = {D304B559-B83F-47E2-8763-F39F0CB459A9}
	EndGlobalSection
EndGlobal
